# GENERATED BY THE DELIVERY-ORCHESTRATOR FACTORY RESOLVER.
# Re-run the manual resolver after changing factory inputs.
lock_version: 1
status: resolved
source:
  configuration: factory.yaml
  configuration_sha256: c6c825bc87d05a8d61cd29e6fef9dbf3f1b7230d3222e074d4081495129b5f09
resolved:
  resolved_at: 2026-09-10T06:15:19.600Z
  resolver: manual_local_resolver
  factory_release:
    repository: ../Odoo-development-factory
    revision: 33c881374a505311a085663099fa81edcf381b0a
  schema_release:
    repository: ../Odoo-development-factory
    revision: 33c881374a505311a085663099fa81edcf381b0a
  policy_packages:
    - path: policies
      revision: 33c881374a505311a085663099fa81edcf381b0a
      sha256: e0900d31a704c92d251e740c3e22af85ec9c1a0dcc453a8a25cc04d007a957b4
  template_packages:
    - path: templates
      revision: 33c881374a505311a085663099fa81edcf381b0a
      sha256: 2200e11b7f698ea4f9460f6a92d9e0afc1fb7b18d55c61d16a420561f8b6aae3
  agent_instruction_packages:
    - path: agent-instructions
      revision: 33c881374a505311a085663099fa81edcf381b0a
      sha256: 2b2f6a46beb8f21b5874e56f73545d98121116a7b922f0c387b803f5c53eaec1
  validation_toolchain:
    odoo:
      version: 19.0, build 20260802
      edition: community
      addon_paths:
        - addons
    quality_gates:
      required:
        - manifest_validation
        - lint
        - unit_tests
        - browser_tests
      runners: {}
